
Microsoft Visual Studio Solution File, Format Version 12.00
# Visual Studio Version 16
VisualStudioVersion = 16.0.28803.156
MinimumVisualStudioVersion = 10.0.40219.1
Project("{8BC9CEB8-8B4A-11D0-8D11-00A0C91BC942}") = "study", "study\study.vcxproj", "{EAACB049-6FC0-4DFB-84CA-1CD269ACFE70}"
EndProject
Project("{2150E333-8FDC-42A3-9474-1A3956D46DE8}") = "Solution Items", "Solution Items", "{C8EE527C-91AD-4C13-8089-FE846138E626}"
	ProjectSection(SolutionItems) = preProject
		template.cpp = template.cpp
	EndProjectSection
EndProject
Project("{2150E333-8FDC-42A3-9474-1A3956D46DE8}") = "Solutions", "Solutions", "{B951149E-3026-40BD-8EF0-32516B9C93AB}"
	ProjectSection(SolutionItems) = preProject
		Solutions\11726_2×n 타일링.cpp = Solutions\11726_2×n 타일링.cpp
		Solutions\11727_2×n 타일링 2.cpp = Solutions\11727_2×n 타일링 2.cpp
		Solutions\1520_내리막 길.cpp = Solutions\1520_내리막 길.cpp
		Solutions\16434_드래곤 앤 던전.cpp = Solutions\16434_드래곤 앤 던전.cpp
		Solutions\1806_부분합.cpp = Solutions\1806_부분합.cpp
		Solutions\1931_회의실배정.cpp = Solutions\1931_회의실배정.cpp
		Solutions\2110_공유기 설치.cpp = Solutions\2110_공유기 설치.cpp
		Solutions\2805_나무자르기.cpp = Solutions\2805_나무자르기.cpp
		Solutions\9465_스티커.cpp = Solutions\9465_스티커.cpp
	EndProjectSection
EndProject
Global
	GlobalSection(SolutionConfigurationPlatforms) = preSolution
		Debug|x64 = Debug|x64
		Debug|x86 = Debug|x86
		Release|x64 = Release|x64
		Release|x86 = Release|x86
	EndGlobalSection
	GlobalSection(ProjectConfigurationPlatforms) = postSolution
		{EAACB049-6FC0-4DFB-84CA-1CD269ACFE70}.Debug|x64.ActiveCfg = Debug|x64
		{EAACB049-6FC0-4DFB-84CA-1CD269ACFE70}.Debug|x64.Build.0 = Debug|x64
		{EAACB049-6FC0-4DFB-84CA-1CD269ACFE70}.Debug|x86.ActiveCfg = Debug|Win32
		{EAACB049-6FC0-4DFB-84CA-1CD269ACFE70}.Debug|x86.Build.0 = Debug|Win32
		{EAACB049-6FC0-4DFB-84CA-1CD269ACFE70}.Release|x64.ActiveCfg = Release|x64
		{EAACB049-6FC0-4DFB-84CA-1CD269ACFE70}.Release|x64.Build.0 = Release|x64
		{EAACB049-6FC0-4DFB-84CA-1CD269ACFE70}.Release|x86.ActiveCfg = Release|Win32
		{EAACB049-6FC0-4DFB-84CA-1CD269ACFE70}.Release|x86.Build.0 = Release|Win32
	EndGlobalSection
	GlobalSection(SolutionProperties) = preSolution
		HideSolutionNode = FALSE
	EndGlobalSection
	GlobalSection(ExtensibilityGlobals) = postSolution
		SolutionGuid = {8CB75A68-D4A4-476E-A78E-D55235F45A11}
	EndGlobalSection
EndGlobal
