
Microsoft Visual Studio Solution File, Format Version 12.00
# Visual Studio Version 16
VisualStudioVersion = 16.0.28803.156
MinimumVisualStudioVersion = 10.0.40219.1
Project("{8BC9CEB8-8B4A-11D0-8D11-00A0C91BC942}") = "study", "study\study.vcxproj", "{EAACB049-6FC0-4DFB-84CA-1CD269ACFE70}"
EndProject
Project("{2150E333-8FDC-42A3-9474-1A3956D46DE8}") = "Solution Items", "Solution Items", "{C8EE527C-91AD-4C13-8089-FE846138E626}"
	ProjectSection(SolutionItems) = preProject
		.editorconfig = .editorconfig
		template.cpp = template.cpp
	EndProjectSection
EndProject
Project("{2150E333-8FDC-42A3-9474-1A3956D46DE8}") = "Solutions", "Solutions", "{B951149E-3026-40BD-8EF0-32516B9C93AB}"
	ProjectSection(SolutionItems) = preProject
		Solutions\10171_고양이.cpp = Solutions\10171_고양이.cpp
		Solutions\10816_숫자 카드 2.cpp = Solutions\10816_숫자 카드 2.cpp
		Solutions\10818_최소, 최대.cpp = Solutions\10818_최소, 최대.cpp
		Solutions\10872_팩토리얼.cpp = Solutions\10872_팩토리얼.cpp
		Solutions\10886_0 not cute - 1 cute.cpp = Solutions\10886_0 not cute - 1 cute.cpp
		Solutions\10926_!.cpp = Solutions\10926_!.cpp
		Solutions\10942_팰린드롬.cpp = Solutions\10942_팰린드롬.cpp
		Solutions\10943_랜덤 게임~.cpp = Solutions\10943_랜덤 게임~.cpp
		Solutions\11571_분수를 소수로.cpp = Solutions\11571_분수를 소수로.cpp
		Solutions\11722_가장 긴 감소하는 부분 수열.cpp = Solutions\11722_가장 긴 감소하는 부분 수열.cpp
		Solutions\11724_연결 요소의 개수 (DFS).cpp = Solutions\11724_연결 요소의 개수 (DFS).cpp
		Solutions\11724_연결 요소의 개수 (Union-Find).cpp = Solutions\11724_연결 요소의 개수 (Union-Find).cpp
		Solutions\11726_2×n 타일링.cpp = Solutions\11726_2×n 타일링.cpp
		Solutions\11727_2×n 타일링 2.cpp = Solutions\11727_2×n 타일링 2.cpp
		Solutions\1181_단어 정렬.cpp = Solutions\1181_단어 정렬.cpp
		Solutions\12091_이브이 진화 시키기.cpp = Solutions\12091_이브이 진화 시키기.cpp
		Solutions\12865_평범한 배낭.cpp = Solutions\12865_평범한 배낭.cpp
		Solutions\1330_두 수 비교하기.cpp = Solutions\1330_두 수 비교하기.cpp
		Solutions\13458_시험 감독.cpp = Solutions\13458_시험 감독.cpp
		Solutions\1431_시리얼 번호.cpp = Solutions\1431_시리얼 번호.cpp
		Solutions\14501_퇴사.cpp = Solutions\14501_퇴사.cpp
		Solutions\14624_전북대학교.cpp = Solutions\14624_전북대학교.cpp
		Solutions\1500_최대 곱.cpp = Solutions\1500_최대 곱.cpp
		Solutions\1509_팰린드롬 분할.cpp = Solutions\1509_팰린드롬 분할.cpp
		Solutions\1520_내리막 길.cpp = Solutions\1520_내리막 길.cpp
		Solutions\15439_Vera and Outfits.cpp = Solutions\15439_Vera and Outfits.cpp
		Solutions\15552_빠른 A+B.cpp = Solutions\15552_빠른 A+B.cpp
		Solutions\15680_연세대학교.cpp = Solutions\15680_연세대학교.cpp
		Solutions\15727_조별과제를 하려는데 조장이 사라졌다.cpp = Solutions\15727_조별과제를 하려는데 조장이 사라졌다.cpp
		Solutions\15733_나는 누구인가.cpp = Solutions\15733_나는 누구인가.cpp
		Solutions\15740_A+B - 9.cpp = Solutions\15740_A+B - 9.cpp
		Solutions\15792_AB - 2.cpp = Solutions\15792_AB - 2.cpp
		Solutions\15890_전국 대학생 프로그래밍 대회 동아리 연합 여름 대회 2018.cpp = Solutions\15890_전국 대학생 프로그래밍 대회 동아리 연합 여름 대회 2018.cpp
		Solutions\15897_잘못 구현한 에라토스테네스의 체.cpp = Solutions\15897_잘못 구현한 에라토스테네스의 체.cpp
		Solutions\15962_새로운 시작.cpp = Solutions\15962_새로운 시작.cpp
		Solutions\15963_CASIO.cpp = Solutions\15963_CASIO.cpp
		Solutions\16170_오늘의 날짜는.cpp = Solutions\16170_오늘의 날짜는.cpp
		Solutions\16394_홍익대학교.cpp = Solutions\16394_홍익대학교.cpp
		Solutions\16434_드래곤 앤 던전.cpp = Solutions\16434_드래곤 앤 던전.cpp
		Solutions\16561_3의 배수.cpp = Solutions\16561_3의 배수.cpp
		Solutions\16568_엔비스카의 영혼.cpp = Solutions\16568_엔비스카의 영혼.cpp
		Solutions\1697_숨바꼭질.cpp = Solutions\1697_숨바꼭질.cpp
		Solutions\1712_손익분기점.cpp = Solutions\1712_손익분기점.cpp
		Solutions\17175_피보나치는 지겨웡.cpp = Solutions\17175_피보나치는 지겨웡.cpp
		Solutions\1806_부분합.cpp = Solutions\1806_부분합.cpp
		Solutions\1931_회의실배정.cpp = Solutions\1931_회의실배정.cpp
		Solutions\1946_신입 사원.cpp = Solutions\1946_신입 사원.cpp
		Solutions\2003_수들의 합 2.cpp = Solutions\2003_수들의 합 2.cpp
		Solutions\2011_암호코드.cpp = Solutions\2011_암호코드.cpp
		Solutions\2110_공유기 설치.cpp = Solutions\2110_공유기 설치.cpp
		Solutions\2188_축사 배정.cpp = Solutions\2188_축사 배정.cpp
		Solutions\2442_별 찍기 - 5.cpp = Solutions\2442_별 찍기 - 5.cpp
		Solutions\2443_별 찍기 - 6.cpp = Solutions\2443_별 찍기 - 6.cpp
		Solutions\2444_별 찍기 - 7.cpp = Solutions\2444_별 찍기 - 7.cpp
		Solutions\2445_별 찍기 - 8.cpp = Solutions\2445_별 찍기 - 8.cpp
		Solutions\2562_최댓값.cpp = Solutions\2562_최댓값.cpp
		Solutions\2576_홀수.cpp = Solutions\2576_홀수.cpp
		Solutions\2588_곱셈.cpp = Solutions\2588_곱셈.cpp
		Solutions\2618_경찰차.cpp = Solutions\2618_경찰차.cpp
		Solutions\2798_블랙잭.cpp = Solutions\2798_블랙잭.cpp
		Solutions\2805_나무 자르기.cpp = Solutions\2805_나무 자르기.cpp
		Solutions\2805_나무자르기.cpp = Solutions\2805_나무자르기.cpp
		Solutions\2869_달팽이는 올라가고 싶다.cpp = Solutions\2869_달팽이는 올라가고 싶다.cpp
		Solutions\2884_알람 시계.cpp = Solutions\2884_알람 시계.cpp
		Solutions\3020_개똥벌레.cpp = Solutions\3020_개똥벌레.cpp
		Solutions\3052_나머지.cpp = Solutions\3052_나머지.cpp
		Solutions\3053_택시 기하학.cpp = Solutions\3053_택시 기하학.cpp
		Solutions\3079_입국심사.cpp = Solutions\3079_입국심사.cpp
		Solutions\5557_1학년.cpp = Solutions\5557_1학년.cpp
		Solutions\5618_공약수.cpp = Solutions\5618_공약수.cpp
		Solutions\5719_거의 최단 경로.cpp = Solutions\5719_거의 최단 경로.cpp
		Solutions\7453_합이 0인 네 정수.cpp = Solutions\7453_합이 0인 네 정수.cpp
		Solutions\7576_토마토.cpp = Solutions\7576_토마토.cpp
		Solutions\9095_1, 2, 3 더하기.cpp = Solutions\9095_1, 2, 3 더하기.cpp
		Solutions\9251_LCS.cpp = Solutions\9251_LCS.cpp
		Solutions\9316_Hello Judge.cpp = Solutions\9316_Hello Judge.cpp
		Solutions\9465_스티커.cpp = Solutions\9465_스티커.cpp
	EndProjectSection
EndProject
Global
	GlobalSection(SolutionConfigurationPlatforms) = preSolution
		Debug|x64 = Debug|x64
		Debug|x86 = Debug|x86
		Release|x64 = Release|x64
		Release|x86 = Release|x86
	EndGlobalSection
	GlobalSection(ProjectConfigurationPlatforms) = postSolution
		{EAACB049-6FC0-4DFB-84CA-1CD269ACFE70}.Debug|x64.ActiveCfg = Debug|x64
		{EAACB049-6FC0-4DFB-84CA-1CD269ACFE70}.Debug|x64.Build.0 = Debug|x64
		{EAACB049-6FC0-4DFB-84CA-1CD269ACFE70}.Debug|x86.ActiveCfg = Debug|Win32
		{EAACB049-6FC0-4DFB-84CA-1CD269ACFE70}.Debug|x86.Build.0 = Debug|Win32
		{EAACB049-6FC0-4DFB-84CA-1CD269ACFE70}.Release|x64.ActiveCfg = Release|x64
		{EAACB049-6FC0-4DFB-84CA-1CD269ACFE70}.Release|x64.Build.0 = Release|x64
		{EAACB049-6FC0-4DFB-84CA-1CD269ACFE70}.Release|x86.ActiveCfg = Release|Win32
		{EAACB049-6FC0-4DFB-84CA-1CD269ACFE70}.Release|x86.Build.0 = Release|Win32
	EndGlobalSection
	GlobalSection(SolutionProperties) = preSolution
		HideSolutionNode = FALSE
	EndGlobalSection
	GlobalSection(ExtensibilityGlobals) = postSolution
		SolutionGuid = {8CB75A68-D4A4-476E-A78E-D55235F45A11}
	EndGlobalSection
EndGlobal
